
Microsoft Visual Studio Solution File, Format Version 12.00
# Visual Studio Version 16
VisualStudioVersion = 16.0.33027.164
MinimumVisualStudioVersion = 10.0.40219.1
Project("{FAE04EC0-301F-11D3-BF4B-00C04F79EFBC}") = "CountDownCountUp", "CountDownCountUp.csproj", "{9D94BA9C-4CFB-4F87-B32A-C0886B4A7DD5}"
EndProject
Global
	GlobalSection(SolutionConfigurationPlatforms) = preSolution
		Debug|Any CPU = Debug|Any CPU
		Release|Any CPU = Release|Any CPU
	EndGlobalSection
	GlobalSection(ProjectConfigurationPlatforms) = postSolution
		{9D94BA9C-4CFB-4F87-B32A-C0886B4A7DD5}.Debug|Any CPU.ActiveCfg = Debug|Any CPU
		{9D94BA9C-4CFB-4F87-B32A-C0886B4A7DD5}.Debug|Any CPU.Build.0 = Debug|Any CPU
		{9D94BA9C-4CFB-4F87-B32A-C0886B4A7DD5}.Release|Any CPU.ActiveCfg = Release|Any CPU
		{9D94BA9C-4CFB-4F87-B32A-C0886B4A7DD5}.Release|Any CPU.Build.0 = Release|Any CPU
	EndGlobalSection
	GlobalSection(SolutionProperties) = preSolution
		HideSolutionNode = FALSE
	EndGlobalSection
	GlobalSection(ExtensibilityGlobals) = postSolution
		SolutionGuid = {5A450EEC-4DFC-43FF-9C39-0C6470AE0964}
	EndGlobalSection
EndGlobal
